
Microsoft Visual Studio Solution File, Format Version 12.00
# Visual Studio 2013
VisualStudioVersion = 12.0.31101.0
MinimumVisualStudioVersion = 10.0.40219.1
Project("{FAE04EC0-301F-11D3-BF4B-00C04F79EFBC}") = "RegexUtils.Extensions", "RegexUtils.Extensions\RegexUtils.Extensions.csproj", "{1139105E-5651-408F-A40B-818C7CE85557}"
EndProject
Project("{FAE04EC0-301F-11D3-BF4B-00C04F79EFBC}") = "StringRegexExtension.Tests", "StringRegexExtension.Tests\StringRegexExtension.Tests.csproj", "{CFE254D4-F500-4311-9FC2-27148F22AAD6}"
EndProject
Global
	GlobalSection(SolutionConfigurationPlatforms) = preSolution
		Debug|Any CPU = Debug|Any CPU
		Release|Any CPU = Release|Any CPU
	EndGlobalSection
	GlobalSection(ProjectConfigurationPlatforms) = postSolution
		{1139105E-5651-408F-A40B-818C7CE85557}.Debug|Any CPU.ActiveCfg = Debug|Any CPU
		{1139105E-5651-408F-A40B-818C7CE85557}.Debug|Any CPU.Build.0 = Debug|Any CPU
		{1139105E-5651-408F-A40B-818C7CE85557}.Release|Any CPU.ActiveCfg = Release|Any CPU
		{1139105E-5651-408F-A40B-818C7CE85557}.Release|Any CPU.Build.0 = Release|Any CPU
		{CFE254D4-F500-4311-9FC2-27148F22AAD6}.Debug|Any CPU.ActiveCfg = Debug|Any CPU
		{CFE254D4-F500-4311-9FC2-27148F22AAD6}.Debug|Any CPU.Build.0 = Debug|Any CPU
		{CFE254D4-F500-4311-9FC2-27148F22AAD6}.Release|Any CPU.ActiveCfg = Release|Any CPU
		{CFE254D4-F500-4311-9FC2-27148F22AAD6}.Release|Any CPU.Build.0 = Release|Any CPU
	EndGlobalSection
	GlobalSection(SolutionProperties) = preSolution
		HideSolutionNode = FALSE
	EndGlobalSection
EndGlobal
